
Microsoft Visual Studio Solution File, Format Version 12.00
# Visual Studio Version 16
VisualStudioVersion = 16.0.30626.31
MinimumVisualStudioVersion = 10.0.40219.1
Project("{9A19103F-16F7-4668-BE54-9A1E7A4F7556}") = "DemoProject", "DemoProject\DemoProject.csproj", "{B848E6FB-0E7F-46CA-9C7D-5532A577CADA}"
EndProject
Project("{9A19103F-16F7-4668-BE54-9A1E7A4F7556}") = "DemoProject.Tests", "DemoProject.Tests\DemoProject.Tests.csproj", "{36A997DA-19B6-4CF6-A0D0-4432E49E3D13}"
EndProject
Project("{9A19103F-16F7-4668-BE54-9A1E7A4F7556}") = "DemoProject.Components", "DemoProject.Components\DemoProject.Components.csproj", "{5B759909-04DD-4F5C-B92F-57954971704C}"
EndProject
Project("{9A19103F-16F7-4668-BE54-9A1E7A4F7556}") = "DemoProject.Backend", "DemoProject.Backend\DemoProject.Backend.csproj", "{96DF0E89-CE4B-4584-8468-1E753815C4F9}"
EndProject
Project("{9A19103F-16F7-4668-BE54-9A1E7A4F7556}") = "DemoProject.Shared", "DemoProject.Shared\DemoProject.Shared.csproj", "{1D4624DF-00AA-45AA-B3D2-DFF9F636EAD7}"
EndProject
Project("{9A19103F-16F7-4668-BE54-9A1E7A4F7556}") = "DemoProject.IdentityServer", "DemoProject.IdentityServer\DemoProject.IdentityServer.csproj", "{87DD0074-1612-4EA1-9045-5B7C2C1A070D}"
EndProject
Project("{FAE04EC0-301F-11D3-BF4B-00C04F79EFBC}") = "BlazorApp1.Server", "BlazorApp1\Server\BlazorApp1.Server.csproj", "{CAB82A5F-746E-4227-B17F-3AEA80E29CD3}"
EndProject
Project("{FAE04EC0-301F-11D3-BF4B-00C04F79EFBC}") = "BlazorApp1.Client", "BlazorApp1\Client\BlazorApp1.Client.csproj", "{D0F07527-376E-4372-B3DA-9C8E2E21C9FF}"
EndProject
Project("{FAE04EC0-301F-11D3-BF4B-00C04F79EFBC}") = "BlazorApp1.Shared", "BlazorApp1\Shared\BlazorApp1.Shared.csproj", "{47EC4584-5DB9-4497-9C46-E6163A23238A}"
EndProject
Global
	GlobalSection(SolutionConfigurationPlatforms) = preSolution
		Debug|Any CPU = Debug|Any CPU
		Release|Any CPU = Release|Any CPU
	EndGlobalSection
	GlobalSection(ProjectConfigurationPlatforms) = postSolution
		{B848E6FB-0E7F-46CA-9C7D-5532A577CADA}.Debug|Any CPU.ActiveCfg = Debug|Any CPU
		{B848E6FB-0E7F-46CA-9C7D-5532A577CADA}.Debug|Any CPU.Build.0 = Debug|Any CPU
		{B848E6FB-0E7F-46CA-9C7D-5532A577CADA}.Release|Any CPU.ActiveCfg = Release|Any CPU
		{B848E6FB-0E7F-46CA-9C7D-5532A577CADA}.Release|Any CPU.Build.0 = Release|Any CPU
		{36A997DA-19B6-4CF6-A0D0-4432E49E3D13}.Debug|Any CPU.ActiveCfg = Debug|Any CPU
		{36A997DA-19B6-4CF6-A0D0-4432E49E3D13}.Debug|Any CPU.Build.0 = Debug|Any CPU
		{36A997DA-19B6-4CF6-A0D0-4432E49E3D13}.Release|Any CPU.ActiveCfg = Release|Any CPU
		{36A997DA-19B6-4CF6-A0D0-4432E49E3D13}.Release|Any CPU.Build.0 = Release|Any CPU
		{5B759909-04DD-4F5C-B92F-57954971704C}.Debug|Any CPU.ActiveCfg = Debug|Any CPU
		{5B759909-04DD-4F5C-B92F-57954971704C}.Debug|Any CPU.Build.0 = Debug|Any CPU
		{5B759909-04DD-4F5C-B92F-57954971704C}.Release|Any CPU.ActiveCfg = Release|Any CPU
		{5B759909-04DD-4F5C-B92F-57954971704C}.Release|Any CPU.Build.0 = Release|Any CPU
		{96DF0E89-CE4B-4584-8468-1E753815C4F9}.Debug|Any CPU.ActiveCfg = Debug|Any CPU
		{96DF0E89-CE4B-4584-8468-1E753815C4F9}.Debug|Any CPU.Build.0 = Debug|Any CPU
		{96DF0E89-CE4B-4584-8468-1E753815C4F9}.Release|Any CPU.ActiveCfg = Release|Any CPU
		{96DF0E89-CE4B-4584-8468-1E753815C4F9}.Release|Any CPU.Build.0 = Release|Any CPU
		{1D4624DF-00AA-45AA-B3D2-DFF9F636EAD7}.Debug|Any CPU.ActiveCfg = Debug|Any CPU
		{1D4624DF-00AA-45AA-B3D2-DFF9F636EAD7}.Debug|Any CPU.Build.0 = Debug|Any CPU
		{1D4624DF-00AA-45AA-B3D2-DFF9F636EAD7}.Release|Any CPU.ActiveCfg = Release|Any CPU
		{1D4624DF-00AA-45AA-B3D2-DFF9F636EAD7}.Release|Any CPU.Build.0 = Release|Any CPU
		{87DD0074-1612-4EA1-9045-5B7C2C1A070D}.Debug|Any CPU.ActiveCfg = Debug|Any CPU
		{87DD0074-1612-4EA1-9045-5B7C2C1A070D}.Debug|Any CPU.Build.0 = Debug|Any CPU
		{87DD0074-1612-4EA1-9045-5B7C2C1A070D}.Release|Any CPU.ActiveCfg = Release|Any CPU
		{87DD0074-1612-4EA1-9045-5B7C2C1A070D}.Release|Any CPU.Build.0 = Release|Any CPU
		{CAB82A5F-746E-4227-B17F-3AEA80E29CD3}.Debug|Any CPU.ActiveCfg = Debug|Any CPU
		{CAB82A5F-746E-4227-B17F-3AEA80E29CD3}.Debug|Any CPU.Build.0 = Debug|Any CPU
		{CAB82A5F-746E-4227-B17F-3AEA80E29CD3}.Release|Any CPU.ActiveCfg = Release|Any CPU
		{CAB82A5F-746E-4227-B17F-3AEA80E29CD3}.Release|Any CPU.Build.0 = Release|Any CPU
		{D0F07527-376E-4372-B3DA-9C8E2E21C9FF}.Debug|Any CPU.ActiveCfg = Debug|Any CPU
		{D0F07527-376E-4372-B3DA-9C8E2E21C9FF}.Debug|Any CPU.Build.0 = Debug|Any CPU
		{D0F07527-376E-4372-B3DA-9C8E2E21C9FF}.Release|Any CPU.ActiveCfg = Release|Any CPU
		{D0F07527-376E-4372-B3DA-9C8E2E21C9FF}.Release|Any CPU.Build.0 = Release|Any CPU
		{47EC4584-5DB9-4497-9C46-E6163A23238A}.Debug|Any CPU.ActiveCfg = Debug|Any CPU
		{47EC4584-5DB9-4497-9C46-E6163A23238A}.Debug|Any CPU.Build.0 = Debug|Any CPU
		{47EC4584-5DB9-4497-9C46-E6163A23238A}.Release|Any CPU.ActiveCfg = Release|Any CPU
		{47EC4584-5DB9-4497-9C46-E6163A23238A}.Release|Any CPU.Build.0 = Release|Any CPU
	EndGlobalSection
	GlobalSection(SolutionProperties) = preSolution
		HideSolutionNode = FALSE
	EndGlobalSection
	GlobalSection(ExtensibilityGlobals) = postSolution
		SolutionGuid = {F5F5831C-078A-4EA4-8899-DF0D6FCC6F96}
	EndGlobalSection
EndGlobal
