
Microsoft Visual Studio Solution File, Format Version 12.00
# Visual Studio Version 16
VisualStudioVersion = 16.0.30626.31
MinimumVisualStudioVersion = 10.0.40219.1
Project("{9A19103F-16F7-4668-BE54-9A1E7A4F7556}") = "DemoProject", "DemoProject\DemoProject.csproj", "{B848E6FB-0E7F-46CA-9C7D-5532A577CADA}"
EndProject
Project("{9A19103F-16F7-4668-BE54-9A1E7A4F7556}") = "DemoProject.Tests", "DemoProject.Tests\DemoProject.Tests.csproj", "{36A997DA-19B6-4CF6-A0D0-4432E49E3D13}"
EndProject
Project("{9A19103F-16F7-4668-BE54-9A1E7A4F7556}") = "DemoProject.Components", "DemoProject.Components\DemoProject.Components.csproj", "{5B759909-04DD-4F5C-B92F-57954971704C}"
EndProject
Project("{9A19103F-16F7-4668-BE54-9A1E7A4F7556}") = "DemoProject.Backend", "DemoProject.Backend\DemoProject.Backend.csproj", "{96DF0E89-CE4B-4584-8468-1E753815C4F9}"
EndProject
Project("{9A19103F-16F7-4668-BE54-9A1E7A4F7556}") = "DemoProject.Shared", "DemoProject.Shared\DemoProject.Shared.csproj", "{1D4624DF-00AA-45AA-B3D2-DFF9F636EAD7}"
EndProject
Global
	GlobalSection(SolutionConfigurationPlatforms) = preSolution
		Debug|Any CPU = Debug|Any CPU
		Release|Any CPU = Release|Any CPU
	EndGlobalSection
	GlobalSection(ProjectConfigurationPlatforms) = postSolution
		{B848E6FB-0E7F-46CA-9C7D-5532A577CADA}.Debug|Any CPU.ActiveCfg = Debug|Any CPU
		{B848E6FB-0E7F-46CA-9C7D-5532A577CADA}.Debug|Any CPU.Build.0 = Debug|Any CPU
		{B848E6FB-0E7F-46CA-9C7D-5532A577CADA}.Release|Any CPU.ActiveCfg = Release|Any CPU
		{B848E6FB-0E7F-46CA-9C7D-5532A577CADA}.Release|Any CPU.Build.0 = Release|Any CPU
		{36A997DA-19B6-4CF6-A0D0-4432E49E3D13}.Debug|Any CPU.ActiveCfg = Debug|Any CPU
		{36A997DA-19B6-4CF6-A0D0-4432E49E3D13}.Debug|Any CPU.Build.0 = Debug|Any CPU
		{36A997DA-19B6-4CF6-A0D0-4432E49E3D13}.Release|Any CPU.ActiveCfg = Release|Any CPU
		{36A997DA-19B6-4CF6-A0D0-4432E49E3D13}.Release|Any CPU.Build.0 = Release|Any CPU
		{5B759909-04DD-4F5C-B92F-57954971704C}.Debug|Any CPU.ActiveCfg = Debug|Any CPU
		{5B759909-04DD-4F5C-B92F-57954971704C}.Debug|Any CPU.Build.0 = Debug|Any CPU
		{5B759909-04DD-4F5C-B92F-57954971704C}.Release|Any CPU.ActiveCfg = Release|Any CPU
		{5B759909-04DD-4F5C-B92F-57954971704C}.Release|Any CPU.Build.0 = Release|Any CPU
		{96DF0E89-CE4B-4584-8468-1E753815C4F9}.Debug|Any CPU.ActiveCfg = Debug|Any CPU
		{96DF0E89-CE4B-4584-8468-1E753815C4F9}.Debug|Any CPU.Build.0 = Debug|Any CPU
		{96DF0E89-CE4B-4584-8468-1E753815C4F9}.Release|Any CPU.ActiveCfg = Release|Any CPU
		{96DF0E89-CE4B-4584-8468-1E753815C4F9}.Release|Any CPU.Build.0 = Release|Any CPU
		{1D4624DF-00AA-45AA-B3D2-DFF9F636EAD7}.Debug|Any CPU.ActiveCfg = Debug|Any CPU
		{1D4624DF-00AA-45AA-B3D2-DFF9F636EAD7}.Debug|Any CPU.Build.0 = Debug|Any CPU
		{1D4624DF-00AA-45AA-B3D2-DFF9F636EAD7}.Release|Any CPU.ActiveCfg = Release|Any CPU
		{1D4624DF-00AA-45AA-B3D2-DFF9F636EAD7}.Release|Any CPU.Build.0 = Release|Any CPU
	EndGlobalSection
	GlobalSection(SolutionProperties) = preSolution
		HideSolutionNode = FALSE
	EndGlobalSection
	GlobalSection(ExtensibilityGlobals) = postSolution
		SolutionGuid = {F5F5831C-078A-4EA4-8899-DF0D6FCC6F96}
	EndGlobalSection
EndGlobal
